
Microsoft Visual Studio Solution File, Format Version 12.00
Project("{2150E333-8FDC-42A3-9474-1A3956D46DE8}") = "SharedLibrary", "SharedLibrary", "{1EF9613A-23CE-452D-BF45-8B911B09DBC9}"
EndProject
Project("{FAE04EC0-301F-11D3-BF4B-00C04F79EFBC}") = "Common", "SharedLibrary\Common\Common.csproj", "{039E3CAE-38DB-4FFF-907C-41675A603D1B}"
EndProject
Project("{FAE04EC0-301F-11D3-BF4B-00C04F79EFBC}") = "Tcp", "SharedLibrary\Tcp\Tcp.csproj", "{3A1ACA74-725F-44D4-BC58-B85B2E0DF11D}"
EndProject
Project("{FAE04EC0-301F-11D3-BF4B-00C04F79EFBC}") = "Efcore", "SharedLibrary\Efcore\Efcore.csproj", "{69C64792-94E2-4D01-83E4-05BD7B410FE1}"
EndProject
Project("{FAE04EC0-301F-11D3-BF4B-00C04F79EFBC}") = "Ado", "SharedLibrary\Ado\Ado.csproj", "{8470CDC8-3385-4A37-9D2D-5403F1CB76C5}"
EndProject
Project("{FAE04EC0-301F-11D3-BF4B-00C04F79EFBC}") = "Redis", "SharedLibrary\Redis\Redis.csproj", "{AD81C301-8904-4F98-B7BD-C495E15F137D}"
EndProject
Project("{2150E333-8FDC-42A3-9474-1A3956D46DE8}") = "Chat", "Chat", "{2E72B253-6CB5-448C-BA42-0A7E74BC1CCA}"
EndProject
Project("{FAE04EC0-301F-11D3-BF4B-00C04F79EFBC}") = "ChatServer", "Chat\ChatServer\ChatServer.csproj", "{13D483FD-1905-4412-BDD9-C0AF619F5AB1}"
EndProject
Project("{FAE04EC0-301F-11D3-BF4B-00C04F79EFBC}") = "ChatServer.Client", "Chat\ChatServer.Client\ChatServer.Client.csproj", "{A98DCEC9-C939-4A41-88D3-255067E8A683}"
EndProject
Project("{2150E333-8FDC-42A3-9474-1A3956D46DE8}") = "Web", "Web", "{EB5A961A-3377-404B-957E-DB89642BC2E4}"
	ProjectSection(SolutionItems) = preProject
		appsettings.Development.json = appsettings.Development.json
	EndProjectSection
EndProject
Project("{FAE04EC0-301F-11D3-BF4B-00C04F79EFBC}") = "WebServer", "Web\WebServer\WebServer.csproj", "{788A3350-9B94-407B-89DA-74A21C19E688}"
EndProject
Project("{FAE04EC0-301F-11D3-BF4B-00C04F79EFBC}") = "WebServer.Test.Unit", "Web\WebServer.Test.Unit\WebServer.Test.Unit.csproj", "{CE4A8FBB-667F-4367-80E8-EAABE9BF48D4}"
EndProject
Project("{2150E333-8FDC-42A3-9474-1A3956D46DE8}") = "Echo", "Echo", "{57CD5E72-A238-4940-9E93-14237E5DD591}"
EndProject
Project("{FAE04EC0-301F-11D3-BF4B-00C04F79EFBC}") = "EchoServer.LoadTester", "Echo\EchoServer.LoadTester\EchoServer.LoadTester.csproj", "{FC4B8CEF-EF5C-4EB0-A569-D5B1E0275652}"
EndProject
Project("{FAE04EC0-301F-11D3-BF4B-00C04F79EFBC}") = "EchoServer", "Echo\EchoServer\EchoServer.csproj", "{9B3D17BF-DBF3-4AD8-B69F-F53AFA9BAF29}"
EndProject
Project("{FAE04EC0-301F-11D3-BF4B-00C04F79EFBC}") = "EchoServer.Client", "Echo\EchoServer.Client\EchoServer.Client.csproj", "{199CE315-F8A9-44A2-8A32-9BE28686587C}"
EndProject
Project("{2150E333-8FDC-42A3-9474-1A3956D46DE8}") = "VerdantValorShared", "VerdantValorShared", "{BE14B215-E8F2-4127-AFC9-64FE46B419CA}"
EndProject
Project("{2150E333-8FDC-42A3-9474-1A3956D46DE8}") = "Protocol", "Protocol", "{6D7CD848-785E-42D2-80D5-FE4D260F4C78}"
EndProject
Project("{FAE04EC0-301F-11D3-BF4B-00C04F79EFBC}") = "Shared", "VerdantValorShared\Shared\Shared.csproj", "{E762DB89-21F8-4331-AAD8-0A393E2A386F}"
EndProject
Project("{FAE04EC0-301F-11D3-BF4B-00C04F79EFBC}") = "Chat", "VerdantValorShared\Protocol\Chat\Chat.csproj", "{70EB279E-CC15-4F3B-AD66-218A274092AE}"
EndProject
Project("{FAE04EC0-301F-11D3-BF4B-00C04F79EFBC}") = "Web", "VerdantValorShared\Protocol\Web\Web.csproj", "{18F66E7F-5701-4AC3-A48E-1FA40095B69B}"
EndProject
Global
	GlobalSection(SolutionConfigurationPlatforms) = preSolution
		Debug|Any CPU = Debug|Any CPU
		Development|Any CPU = Development|Any CPU
	EndGlobalSection
	GlobalSection(ProjectConfigurationPlatforms) = postSolution
		{039E3CAE-38DB-4FFF-907C-41675A603D1B}.Debug|Any CPU.ActiveCfg = Debug|Any CPU
		{039E3CAE-38DB-4FFF-907C-41675A603D1B}.Debug|Any CPU.Build.0 = Debug|Any CPU
		{039E3CAE-38DB-4FFF-907C-41675A603D1B}.Development|Any CPU.ActiveCfg = Development|Any CPU
		{039E3CAE-38DB-4FFF-907C-41675A603D1B}.Development|Any CPU.Build.0 = Development|Any CPU
		{3A1ACA74-725F-44D4-BC58-B85B2E0DF11D}.Debug|Any CPU.ActiveCfg = Debug|Any CPU
		{3A1ACA74-725F-44D4-BC58-B85B2E0DF11D}.Debug|Any CPU.Build.0 = Debug|Any CPU
		{3A1ACA74-725F-44D4-BC58-B85B2E0DF11D}.Development|Any CPU.ActiveCfg = Debug|Any CPU
		{3A1ACA74-725F-44D4-BC58-B85B2E0DF11D}.Development|Any CPU.Build.0 = Debug|Any CPU
		{69C64792-94E2-4D01-83E4-05BD7B410FE1}.Debug|Any CPU.ActiveCfg = Debug|Any CPU
		{69C64792-94E2-4D01-83E4-05BD7B410FE1}.Debug|Any CPU.Build.0 = Debug|Any CPU
		{69C64792-94E2-4D01-83E4-05BD7B410FE1}.Development|Any CPU.ActiveCfg = Development|Any CPU
		{69C64792-94E2-4D01-83E4-05BD7B410FE1}.Development|Any CPU.Build.0 = Development|Any CPU
		{8470CDC8-3385-4A37-9D2D-5403F1CB76C5}.Debug|Any CPU.ActiveCfg = Debug|Any CPU
		{8470CDC8-3385-4A37-9D2D-5403F1CB76C5}.Debug|Any CPU.Build.0 = Debug|Any CPU
		{8470CDC8-3385-4A37-9D2D-5403F1CB76C5}.Development|Any CPU.ActiveCfg = Development|Any CPU
		{8470CDC8-3385-4A37-9D2D-5403F1CB76C5}.Development|Any CPU.Build.0 = Development|Any CPU
		{AD81C301-8904-4F98-B7BD-C495E15F137D}.Debug|Any CPU.ActiveCfg = Debug|Any CPU
		{AD81C301-8904-4F98-B7BD-C495E15F137D}.Debug|Any CPU.Build.0 = Debug|Any CPU
		{AD81C301-8904-4F98-B7BD-C495E15F137D}.Development|Any CPU.ActiveCfg = Development|Any CPU
		{AD81C301-8904-4F98-B7BD-C495E15F137D}.Development|Any CPU.Build.0 = Development|Any CPU
		{13D483FD-1905-4412-BDD9-C0AF619F5AB1}.Debug|Any CPU.ActiveCfg = Debug|Any CPU
		{13D483FD-1905-4412-BDD9-C0AF619F5AB1}.Debug|Any CPU.Build.0 = Debug|Any CPU
		{13D483FD-1905-4412-BDD9-C0AF619F5AB1}.Development|Any CPU.ActiveCfg = Debug|Any CPU
		{13D483FD-1905-4412-BDD9-C0AF619F5AB1}.Development|Any CPU.Build.0 = Debug|Any CPU
		{A98DCEC9-C939-4A41-88D3-255067E8A683}.Debug|Any CPU.ActiveCfg = Debug|Any CPU
		{A98DCEC9-C939-4A41-88D3-255067E8A683}.Debug|Any CPU.Build.0 = Debug|Any CPU
		{A98DCEC9-C939-4A41-88D3-255067E8A683}.Development|Any CPU.ActiveCfg = Debug|Any CPU
		{A98DCEC9-C939-4A41-88D3-255067E8A683}.Development|Any CPU.Build.0 = Debug|Any CPU
		{788A3350-9B94-407B-89DA-74A21C19E688}.Debug|Any CPU.ActiveCfg = Debug|Any CPU
		{788A3350-9B94-407B-89DA-74A21C19E688}.Debug|Any CPU.Build.0 = Debug|Any CPU
		{788A3350-9B94-407B-89DA-74A21C19E688}.Development|Any CPU.ActiveCfg = Development|Any CPU
		{788A3350-9B94-407B-89DA-74A21C19E688}.Development|Any CPU.Build.0 = Development|Any CPU
		{CE4A8FBB-667F-4367-80E8-EAABE9BF48D4}.Debug|Any CPU.ActiveCfg = Debug|Any CPU
		{CE4A8FBB-667F-4367-80E8-EAABE9BF48D4}.Debug|Any CPU.Build.0 = Debug|Any CPU
		{CE4A8FBB-667F-4367-80E8-EAABE9BF48D4}.Development|Any CPU.ActiveCfg = Development|Any CPU
		{CE4A8FBB-667F-4367-80E8-EAABE9BF48D4}.Development|Any CPU.Build.0 = Development|Any CPU
		{FC4B8CEF-EF5C-4EB0-A569-D5B1E0275652}.Debug|Any CPU.ActiveCfg = Debug|Any CPU
		{FC4B8CEF-EF5C-4EB0-A569-D5B1E0275652}.Debug|Any CPU.Build.0 = Debug|Any CPU
		{FC4B8CEF-EF5C-4EB0-A569-D5B1E0275652}.Development|Any CPU.ActiveCfg = Debug|Any CPU
		{FC4B8CEF-EF5C-4EB0-A569-D5B1E0275652}.Development|Any CPU.Build.0 = Debug|Any CPU
		{9B3D17BF-DBF3-4AD8-B69F-F53AFA9BAF29}.Debug|Any CPU.ActiveCfg = Debug|Any CPU
		{9B3D17BF-DBF3-4AD8-B69F-F53AFA9BAF29}.Debug|Any CPU.Build.0 = Debug|Any CPU
		{9B3D17BF-DBF3-4AD8-B69F-F53AFA9BAF29}.Development|Any CPU.ActiveCfg = Debug|Any CPU
		{9B3D17BF-DBF3-4AD8-B69F-F53AFA9BAF29}.Development|Any CPU.Build.0 = Debug|Any CPU
		{199CE315-F8A9-44A2-8A32-9BE28686587C}.Debug|Any CPU.ActiveCfg = Debug|Any CPU
		{199CE315-F8A9-44A2-8A32-9BE28686587C}.Debug|Any CPU.Build.0 = Debug|Any CPU
		{199CE315-F8A9-44A2-8A32-9BE28686587C}.Development|Any CPU.ActiveCfg = Debug|Any CPU
		{199CE315-F8A9-44A2-8A32-9BE28686587C}.Development|Any CPU.Build.0 = Debug|Any CPU
		{E762DB89-21F8-4331-AAD8-0A393E2A386F}.Debug|Any CPU.ActiveCfg = Debug|Any CPU
		{E762DB89-21F8-4331-AAD8-0A393E2A386F}.Debug|Any CPU.Build.0 = Debug|Any CPU
		{E762DB89-21F8-4331-AAD8-0A393E2A386F}.Development|Any CPU.ActiveCfg = Debug|Any CPU
		{E762DB89-21F8-4331-AAD8-0A393E2A386F}.Development|Any CPU.Build.0 = Debug|Any CPU
		{70EB279E-CC15-4F3B-AD66-218A274092AE}.Debug|Any CPU.ActiveCfg = Debug|Any CPU
		{70EB279E-CC15-4F3B-AD66-218A274092AE}.Debug|Any CPU.Build.0 = Debug|Any CPU
		{70EB279E-CC15-4F3B-AD66-218A274092AE}.Development|Any CPU.ActiveCfg = Debug|Any CPU
		{70EB279E-CC15-4F3B-AD66-218A274092AE}.Development|Any CPU.Build.0 = Debug|Any CPU
		{18F66E7F-5701-4AC3-A48E-1FA40095B69B}.Debug|Any CPU.ActiveCfg = Debug|Any CPU
		{18F66E7F-5701-4AC3-A48E-1FA40095B69B}.Debug|Any CPU.Build.0 = Debug|Any CPU
		{18F66E7F-5701-4AC3-A48E-1FA40095B69B}.Development|Any CPU.ActiveCfg = Debug|Any CPU
		{18F66E7F-5701-4AC3-A48E-1FA40095B69B}.Development|Any CPU.Build.0 = Debug|Any CPU
	EndGlobalSection
	GlobalSection(NestedProjects) = preSolution
		{039E3CAE-38DB-4FFF-907C-41675A603D1B} = {1EF9613A-23CE-452D-BF45-8B911B09DBC9}
		{3A1ACA74-725F-44D4-BC58-B85B2E0DF11D} = {1EF9613A-23CE-452D-BF45-8B911B09DBC9}
		{69C64792-94E2-4D01-83E4-05BD7B410FE1} = {1EF9613A-23CE-452D-BF45-8B911B09DBC9}
		{8470CDC8-3385-4A37-9D2D-5403F1CB76C5} = {1EF9613A-23CE-452D-BF45-8B911B09DBC9}
		{AD81C301-8904-4F98-B7BD-C495E15F137D} = {1EF9613A-23CE-452D-BF45-8B911B09DBC9}
		{13D483FD-1905-4412-BDD9-C0AF619F5AB1} = {2E72B253-6CB5-448C-BA42-0A7E74BC1CCA}
		{A98DCEC9-C939-4A41-88D3-255067E8A683} = {2E72B253-6CB5-448C-BA42-0A7E74BC1CCA}
		{788A3350-9B94-407B-89DA-74A21C19E688} = {EB5A961A-3377-404B-957E-DB89642BC2E4}
		{CE4A8FBB-667F-4367-80E8-EAABE9BF48D4} = {EB5A961A-3377-404B-957E-DB89642BC2E4}
		{FC4B8CEF-EF5C-4EB0-A569-D5B1E0275652} = {57CD5E72-A238-4940-9E93-14237E5DD591}
		{9B3D17BF-DBF3-4AD8-B69F-F53AFA9BAF29} = {57CD5E72-A238-4940-9E93-14237E5DD591}
		{199CE315-F8A9-44A2-8A32-9BE28686587C} = {57CD5E72-A238-4940-9E93-14237E5DD591}
		{6D7CD848-785E-42D2-80D5-FE4D260F4C78} = {BE14B215-E8F2-4127-AFC9-64FE46B419CA}
		{E762DB89-21F8-4331-AAD8-0A393E2A386F} = {BE14B215-E8F2-4127-AFC9-64FE46B419CA}
		{70EB279E-CC15-4F3B-AD66-218A274092AE} = {6D7CD848-785E-42D2-80D5-FE4D260F4C78}
		{18F66E7F-5701-4AC3-A48E-1FA40095B69B} = {6D7CD848-785E-42D2-80D5-FE4D260F4C78}
	EndGlobalSection
EndGlobal
