
Microsoft Visual Studio Solution File, Format Version 12.00
Project("{FAE04EC0-301F-11D3-BF4B-00C04F79EFBC}") = "WebServer", "WebServer\WebServer.csproj", "{3FAD1A12-E084-4AD8-91FC-FFD0B9CDB757}"
EndProject
Project("{FAE04EC0-301F-11D3-BF4B-00C04F79EFBC}") = "SharedLibrary", "SharedLibrary\SharedLibrary.csproj", "{267D816F-2DE7-454B-A9A5-7D1BA2E357DF}"
EndProject
Project("{FAE04EC0-301F-11D3-BF4B-00C04F79EFBC}") = "SharedLibrary.Ado", "SharedLibrary.Ado\SharedLibrary.Ado.csproj", "{1BB8315F-7B71-481E-8CA8-EC059DEFB46B}"
EndProject
Project("{FAE04EC0-301F-11D3-BF4B-00C04F79EFBC}") = "SharedLibrary.Efcore", "SharedLibrary.Efcore\SharedLibrary.Efcore.csproj", "{C1F0D539-6EBE-471B-A6E5-866219C0176A}"
EndProject
Project("{FAE04EC0-301F-11D3-BF4B-00C04F79EFBC}") = "SharedLibrary.Redis", "SharedLibrary.Redis\SharedLibrary.Redis.csproj", "{468718E0-9C58-494A-9215-0A8EFF72888F}"
EndProject
Project("{FAE04EC0-301F-11D3-BF4B-00C04F79EFBC}") = "WebServer.Test.Unit", "WebServer.Test.Unit\WebServer.Test.Unit.csproj", "{20DAC27A-23BF-418B-B218-1FE747D87073}"
EndProject
Project("{FAE04EC0-301F-11D3-BF4B-00C04F79EFBC}") = "SharedLibrary.Protocol", "SharedLibrary.Protocol\SharedLibrary.Protocol.csproj", "{96439E7C-1050-46C5-B35B-89DD43798BF5}"
EndProject
Project("{FAE04EC0-301F-11D3-BF4B-00C04F79EFBC}") = "ChatServer", "ChatServer\ChatServer.csproj", "{4849EEC1-F310-48B9-8141-B4B5E1E673D1}"
EndProject
Project("{FAE04EC0-301F-11D3-BF4B-00C04F79EFBC}") = "ChatServer.Test.Unit", "ChatServer.Test.Unit\ChatServer.Test.Unit.csproj", "{22640819-F7CD-4C8D-BE22-8A3C3904D3AE}"
EndProject
Project("{FAE04EC0-301F-11D3-BF4B-00C04F79EFBC}") = "SharedLibrary.TcpServer", "SharedLibrary.TcpServer\SharedLibrary.TcpServer.csproj", "{4D39A7AA-D6DB-4702-99B5-FEA31D93E8A3}"
EndProject
Global
	GlobalSection(SolutionConfigurationPlatforms) = preSolution
		Debug|Any CPU = Debug|Any CPU
		Release|Any CPU = Release|Any CPU
		Development|Any CPU = Development|Any CPU
		Live|Any CPU = Live|Any CPU
	EndGlobalSection
	GlobalSection(ProjectConfigurationPlatforms) = postSolution
		{3FAD1A12-E084-4AD8-91FC-FFD0B9CDB757}.Debug|Any CPU.ActiveCfg = Debug|Any CPU
		{3FAD1A12-E084-4AD8-91FC-FFD0B9CDB757}.Debug|Any CPU.Build.0 = Debug|Any CPU
		{3FAD1A12-E084-4AD8-91FC-FFD0B9CDB757}.Release|Any CPU.ActiveCfg = Release|Any CPU
		{3FAD1A12-E084-4AD8-91FC-FFD0B9CDB757}.Release|Any CPU.Build.0 = Release|Any CPU
		{3FAD1A12-E084-4AD8-91FC-FFD0B9CDB757}.Development|Any CPU.ActiveCfg = Development|Any CPU
		{3FAD1A12-E084-4AD8-91FC-FFD0B9CDB757}.Development|Any CPU.Build.0 = Development|Any CPU
		{3FAD1A12-E084-4AD8-91FC-FFD0B9CDB757}.Live|Any CPU.ActiveCfg = Live|Any CPU
		{3FAD1A12-E084-4AD8-91FC-FFD0B9CDB757}.Live|Any CPU.Build.0 = Live|Any CPU
		{267D816F-2DE7-454B-A9A5-7D1BA2E357DF}.Debug|Any CPU.ActiveCfg = Debug|Any CPU
		{267D816F-2DE7-454B-A9A5-7D1BA2E357DF}.Debug|Any CPU.Build.0 = Debug|Any CPU
		{267D816F-2DE7-454B-A9A5-7D1BA2E357DF}.Release|Any CPU.ActiveCfg = Release|Any CPU
		{267D816F-2DE7-454B-A9A5-7D1BA2E357DF}.Release|Any CPU.Build.0 = Release|Any CPU
		{267D816F-2DE7-454B-A9A5-7D1BA2E357DF}.Development|Any CPU.ActiveCfg = Development|Any CPU
		{267D816F-2DE7-454B-A9A5-7D1BA2E357DF}.Development|Any CPU.Build.0 = Development|Any CPU
		{267D816F-2DE7-454B-A9A5-7D1BA2E357DF}.Live|Any CPU.ActiveCfg = Live|Any CPU
		{267D816F-2DE7-454B-A9A5-7D1BA2E357DF}.Live|Any CPU.Build.0 = Live|Any CPU
		{1BB8315F-7B71-481E-8CA8-EC059DEFB46B}.Debug|Any CPU.ActiveCfg = Debug|Any CPU
		{1BB8315F-7B71-481E-8CA8-EC059DEFB46B}.Debug|Any CPU.Build.0 = Debug|Any CPU
		{1BB8315F-7B71-481E-8CA8-EC059DEFB46B}.Release|Any CPU.ActiveCfg = Release|Any CPU
		{1BB8315F-7B71-481E-8CA8-EC059DEFB46B}.Release|Any CPU.Build.0 = Release|Any CPU
		{1BB8315F-7B71-481E-8CA8-EC059DEFB46B}.Development|Any CPU.ActiveCfg = Development|Any CPU
		{1BB8315F-7B71-481E-8CA8-EC059DEFB46B}.Development|Any CPU.Build.0 = Development|Any CPU
		{1BB8315F-7B71-481E-8CA8-EC059DEFB46B}.Live|Any CPU.ActiveCfg = Live|Any CPU
		{1BB8315F-7B71-481E-8CA8-EC059DEFB46B}.Live|Any CPU.Build.0 = Live|Any CPU
		{C1F0D539-6EBE-471B-A6E5-866219C0176A}.Debug|Any CPU.ActiveCfg = Debug|Any CPU
		{C1F0D539-6EBE-471B-A6E5-866219C0176A}.Debug|Any CPU.Build.0 = Debug|Any CPU
		{C1F0D539-6EBE-471B-A6E5-866219C0176A}.Release|Any CPU.ActiveCfg = Release|Any CPU
		{C1F0D539-6EBE-471B-A6E5-866219C0176A}.Release|Any CPU.Build.0 = Release|Any CPU
		{C1F0D539-6EBE-471B-A6E5-866219C0176A}.Development|Any CPU.ActiveCfg = Development|Any CPU
		{C1F0D539-6EBE-471B-A6E5-866219C0176A}.Development|Any CPU.Build.0 = Development|Any CPU
		{C1F0D539-6EBE-471B-A6E5-866219C0176A}.Live|Any CPU.ActiveCfg = Live|Any CPU
		{C1F0D539-6EBE-471B-A6E5-866219C0176A}.Live|Any CPU.Build.0 = Live|Any CPU
		{468718E0-9C58-494A-9215-0A8EFF72888F}.Debug|Any CPU.ActiveCfg = Debug|Any CPU
		{468718E0-9C58-494A-9215-0A8EFF72888F}.Debug|Any CPU.Build.0 = Debug|Any CPU
		{468718E0-9C58-494A-9215-0A8EFF72888F}.Release|Any CPU.ActiveCfg = Release|Any CPU
		{468718E0-9C58-494A-9215-0A8EFF72888F}.Release|Any CPU.Build.0 = Release|Any CPU
		{468718E0-9C58-494A-9215-0A8EFF72888F}.Development|Any CPU.ActiveCfg = Development|Any CPU
		{468718E0-9C58-494A-9215-0A8EFF72888F}.Development|Any CPU.Build.0 = Development|Any CPU
		{468718E0-9C58-494A-9215-0A8EFF72888F}.Live|Any CPU.ActiveCfg = Live|Any CPU
		{468718E0-9C58-494A-9215-0A8EFF72888F}.Live|Any CPU.Build.0 = Live|Any CPU
		{20DAC27A-23BF-418B-B218-1FE747D87073}.Debug|Any CPU.ActiveCfg = Debug|Any CPU
		{20DAC27A-23BF-418B-B218-1FE747D87073}.Debug|Any CPU.Build.0 = Debug|Any CPU
		{20DAC27A-23BF-418B-B218-1FE747D87073}.Release|Any CPU.ActiveCfg = Release|Any CPU
		{20DAC27A-23BF-418B-B218-1FE747D87073}.Release|Any CPU.Build.0 = Release|Any CPU
		{20DAC27A-23BF-418B-B218-1FE747D87073}.Development|Any CPU.ActiveCfg = Development|Any CPU
		{20DAC27A-23BF-418B-B218-1FE747D87073}.Development|Any CPU.Build.0 = Development|Any CPU
		{20DAC27A-23BF-418B-B218-1FE747D87073}.Live|Any CPU.ActiveCfg = Live|Any CPU
		{20DAC27A-23BF-418B-B218-1FE747D87073}.Live|Any CPU.Build.0 = Live|Any CPU
		{96439E7C-1050-46C5-B35B-89DD43798BF5}.Debug|Any CPU.ActiveCfg = Debug|Any CPU
		{96439E7C-1050-46C5-B35B-89DD43798BF5}.Debug|Any CPU.Build.0 = Debug|Any CPU
		{96439E7C-1050-46C5-B35B-89DD43798BF5}.Release|Any CPU.ActiveCfg = Release|Any CPU
		{96439E7C-1050-46C5-B35B-89DD43798BF5}.Release|Any CPU.Build.0 = Release|Any CPU
		{96439E7C-1050-46C5-B35B-89DD43798BF5}.Development|Any CPU.ActiveCfg = Development|Any CPU
		{96439E7C-1050-46C5-B35B-89DD43798BF5}.Development|Any CPU.Build.0 = Development|Any CPU
		{96439E7C-1050-46C5-B35B-89DD43798BF5}.Live|Any CPU.ActiveCfg = Live|Any CPU
		{96439E7C-1050-46C5-B35B-89DD43798BF5}.Live|Any CPU.Build.0 = Live|Any CPU
		{4849EEC1-F310-48B9-8141-B4B5E1E673D1}.Debug|Any CPU.ActiveCfg = Debug|Any CPU
		{4849EEC1-F310-48B9-8141-B4B5E1E673D1}.Debug|Any CPU.Build.0 = Debug|Any CPU
		{4849EEC1-F310-48B9-8141-B4B5E1E673D1}.Release|Any CPU.ActiveCfg = Release|Any CPU
		{4849EEC1-F310-48B9-8141-B4B5E1E673D1}.Release|Any CPU.Build.0 = Release|Any CPU
		{4849EEC1-F310-48B9-8141-B4B5E1E673D1}.Development|Any CPU.ActiveCfg = Debug|Any CPU
		{4849EEC1-F310-48B9-8141-B4B5E1E673D1}.Development|Any CPU.Build.0 = Debug|Any CPU
		{4849EEC1-F310-48B9-8141-B4B5E1E673D1}.Live|Any CPU.ActiveCfg = Debug|Any CPU
		{4849EEC1-F310-48B9-8141-B4B5E1E673D1}.Live|Any CPU.Build.0 = Debug|Any CPU
		{22640819-F7CD-4C8D-BE22-8A3C3904D3AE}.Debug|Any CPU.ActiveCfg = Debug|Any CPU
		{22640819-F7CD-4C8D-BE22-8A3C3904D3AE}.Debug|Any CPU.Build.0 = Debug|Any CPU
		{22640819-F7CD-4C8D-BE22-8A3C3904D3AE}.Release|Any CPU.ActiveCfg = Release|Any CPU
		{22640819-F7CD-4C8D-BE22-8A3C3904D3AE}.Release|Any CPU.Build.0 = Release|Any CPU
		{22640819-F7CD-4C8D-BE22-8A3C3904D3AE}.Development|Any CPU.ActiveCfg = Debug|Any CPU
		{22640819-F7CD-4C8D-BE22-8A3C3904D3AE}.Development|Any CPU.Build.0 = Debug|Any CPU
		{22640819-F7CD-4C8D-BE22-8A3C3904D3AE}.Live|Any CPU.ActiveCfg = Debug|Any CPU
		{22640819-F7CD-4C8D-BE22-8A3C3904D3AE}.Live|Any CPU.Build.0 = Debug|Any CPU
		{4D39A7AA-D6DB-4702-99B5-FEA31D93E8A3}.Debug|Any CPU.ActiveCfg = Debug|Any CPU
		{4D39A7AA-D6DB-4702-99B5-FEA31D93E8A3}.Debug|Any CPU.Build.0 = Debug|Any CPU
		{4D39A7AA-D6DB-4702-99B5-FEA31D93E8A3}.Release|Any CPU.ActiveCfg = Release|Any CPU
		{4D39A7AA-D6DB-4702-99B5-FEA31D93E8A3}.Release|Any CPU.Build.0 = Release|Any CPU
		{4D39A7AA-D6DB-4702-99B5-FEA31D93E8A3}.Development|Any CPU.ActiveCfg = Debug|Any CPU
		{4D39A7AA-D6DB-4702-99B5-FEA31D93E8A3}.Development|Any CPU.Build.0 = Debug|Any CPU
		{4D39A7AA-D6DB-4702-99B5-FEA31D93E8A3}.Live|Any CPU.ActiveCfg = Debug|Any CPU
		{4D39A7AA-D6DB-4702-99B5-FEA31D93E8A3}.Live|Any CPU.Build.0 = Debug|Any CPU
	EndGlobalSection
EndGlobal
